// !$*UTF8*$!
{
	archiveVersion = 1;
	classes = {
	};
	objectVersion = 46;
	objects = {

/* Begin PBXBuildFile section */
		264229C71E8BEF550013B93C /* AppDelegate.m in Sources */ = {isa = PBXBuildFile; fileRef = 264229C61E8BEF550013B93C /* AppDelegate.m */; };
		264229CA1E8BEF550013B93C /* main.m in Sources */ = {isa = PBXBuildFile; fileRef = 264229C91E8BEF550013B93C /* main.m */; };
		264229CD1E8BEF550013B93C /* ViewController.m in Sources */ = {isa = PBXBuildFile; fileRef = 264229CC1E8BEF550013B93C /* ViewController.m */; };
		264229CF1E8BEF550013B93C /* Assets.xcassets in Resources */ = {isa = PBXBuildFile; fileRef = 264229CE1E8BEF550013B93C /* Assets.xcassets */; };
		264229D21E8BEF550013B93C /* Main.storyboard in Resources */ = {isa = PBXBuildFile; fileRef = 264229D01E8BEF550013B93C /* Main.storyboard */; };
/* End PBXBuildFile section */

/* Begin PBXFileReference section */
		264229C21E8BEF550013B93C /* MyCustomView.app */ = {isa = PBXFileReference; explicitFileType = wrapper.application; includeInIndex = 0; path = MyCustomView.app; sourceTree = BUILT_PRODUCTS_DIR; };
		264229C51E8BEF550013B93C /* AppDelegate.h */ = {isa = PBXFileReference; lastKnownFileType = sourcecode.c.h; path = AppDelegate.h; sourceTree = "<group>"; };
		264229C61E8BEF550013B93C /* AppDelegate.m */ = {isa = PBXFileReference; lastKnownFileType = sourcecode.c.objc; path = AppDelegate.m; sourceTree = "<group>"; };
		264229C91E8BEF550013B93C /* main.m */ = {isa = PBXFileReference; lastKnownFileType = sourcecode.c.objc; path = main.m; sourceTree = "<group>"; };
		264229CB1E8BEF550013B93C /* ViewController.h */ = {isa = PBXFileReference; lastKnownFileType = sourcecode.c.h; path = ViewController.h; sourceTree = "<group>"; };
		264229CC1E8BEF550013B93C /* ViewController.m */ = {isa = PBXFileReference; lastKnownFileType = sourcecode.c.objc; path = ViewController.m; sourceTree = "<group>"; };
		264229CE1E8BEF550013B93C /* Assets.xcassets */ = {isa = PBXFileReference; lastKnownFileType = folder.assetcatalog; path = Assets.xcassets; sourceTree = "<group>"; };
		264229D11E8BEF550013B93C /* Base */ = {isa = PBXFileReference; lastKnownFileType = file.storyboard; name = Base; path = Base.lproj/Main.storyboard; sourceTree = "<group>"; };
		264229D31E8BEF550013B93C /* Info.plist */ = {isa = PBXFileReference; lastKnownFileType = text.plist.xml; path = Info.plist; sourceTree = "<group>"; };
/* End PBXFileReference section */

/* Begin PBXFrameworksBuildPhase section */
		264229BF1E8BEF550013B93C /* Frameworks */ = {
			isa = PBXFrameworksBuildPhase;
			buildActionMask = 2147483647;
			files = (
			);
			runOnlyForDeploymentPostprocessing = 0;
		};
/* End PBXFrameworksBuildPhase section */

/* Begin PBXGroup section */
		264229B91E8BEF550013B93C = {
			isa = PBXGroup;
			children = (
				264229C41E8BEF550013B93C /* MyCustomView */,
				264229C31E8BEF550013B93C /* Products */,
			);
			sourceTree = "<group>";
		};
		264229C31E8BEF550013B93C /* Products */ = {
			isa = PBXGroup;
			children = (
				264229C21E8BEF550013B93C /* MyCustomView.app */,
			);
			name = Products;
			sourceTree = "<group>";
		};
		264229C41E8BEF550013B93C /* MyCustomView */ = {
			isa = PBXGroup;
			children = (
				264229C51E8BEF550013B93C /* AppDelegate.h */,
				264229C61E8BEF550013B93C /* AppDelegate.m */,
				264229CB1E8BEF550013B93C /* ViewController.h */,
				264229CC1E8BEF550013B93C /* ViewController.m */,
				264229CE1E8BEF550013B93C /* Assets.xcassets */,
				264229D01E8BEF550013B93C /* Main.storyboard */,
				264229D31E8BEF550013B93C /* Info.plist */,
				264229C81E8BEF550013B93C /* Supporting Files */,
			);
			path = MyCustomView;
			sourceTree = "<group>";
		};
		264229C81E8BEF550013B93C /* Supporting Files */ = {
			isa = PBXGroup;
			children = (
				264229C91E8BEF550013B93C /* main.m */,
			);
			name = "Supporting Files";
			sourceTree = "<group>";
		};
/* End PBXGroup section */

/* Begin PBXNativeTarget section */
		264229C11E8BEF550013B93C /* MyCustomView */ = {
			isa = PBXNativeTarget;
			buildConfigurationList = 264229D61E8BEF550013B93C /* Build configuration list for PBXNativeTarget "MyCustomView" */;
			buildPhases = (
				264229BE1E8BEF550013B93C /* Sources */,
				264229BF1E8BEF550013B93C /* Frameworks */,
				264229C01E8BEF550013B93C /* Resources */,
			);
			buildRules = (
			);
			dependencies = (
			);
			name = MyCustomView;
			productName = MyCustomView;
			productReference = 264229C21E8BEF550013B93C /* MyCustomView.app */;
			productType = "com.apple.product-type.application";
		};
/* End PBXNativeTarget section */

/* Begin PBXProject section */
		264229BA1E8BEF550013B93C /* Project object */ = {
			isa = PBXProject;
			attributes = {
				LastUpgradeCheck = 0830;
				ORGANIZATIONNAME = "Toshimi Ataku";
				TargetAttributes = {
					264229C11E8BEF550013B93C = {
						CreatedOnToolsVersion = 8.3;
						ProvisioningStyle = Automatic;
					};
				};
			};
			buildConfigurationList = 264229BD1E8BEF550013B93C /* Build configuration list for PBXProject "MyCustomView" */;
			compatibilityVersion = "Xcode 3.2";
			developmentRegion = English;
			hasScannedForEncodings = 0;
			knownRegions = (
				en,
				Base,
			);
			mainGroup = 264229B91E8BEF550013B93C;
			productRefGroup = 264229C31E8BEF550013B93C /* Products */;
			projectDirPath = "";
			projectRoot = "";
			targets = (
				264229C11E8BEF550013B93C /* MyCustomView */,
			);
		};
/* End PBXProject section */

/* Begin PBXResourcesBuildPhase section */
		264229C01E8BEF550013B93C /* Resources */ = {
			isa = PBXResourcesBuildPhase;
			buildActionMask = 2147483647;
			files = (
				264229CF1E8BEF550013B93C /* Assets.xcassets in Resources */,
				264229D21E8BEF550013B93C /* Main.storyboard in Resources */,
			);
			runOnlyForDeploymentPostprocessing = 0;
		};
/* End PBXResourcesBuildPhase section */

/* Begin PBXSourcesBuildPhase section */
		264229BE1E8BEF550013B93C /* Sources */ = {
			isa = PBXSourcesBuildPhase;
			buildActionMask = 2147483647;
			files = (
				264229CD1E8BEF550013B93C /* ViewController.m in Sources */,
				264229CA1E8BEF550013B93C /* main.m in Sources */,
				264229C71E8BEF550013B93C /* AppDelegate.m in Sources */,
			);
			runOnlyForDeploymentPostprocessing = 0;
		};
/* End PBXSourcesBuildPhase section */

/* Begin PBXVariantGroup section */
		264229D01E8BEF550013B93C /* Main.storyboard */ = {
			isa = PBXVariantGroup;
			children = (
				264229D11E8BEF550013B93C /* Base */,
			);
			name = Main.storyboard;
			sourceTree = "<group>";
		};
/* End PBXVariantGroup section */

/* Begin XCBuildConfiguration section */
		264229D41E8BEF550013B93C /* Debug */ = {
			isa = XCBuildConfiguration;
			buildSettings = {
				ALWAYS_SEARCH_USER_PATHS = NO;
				CLANG_ANALYZER_NONNULL = YES;
				CLANG_ANALYZER_NUMBER_OBJECT_CONVERSION = YES_AGGRESSIVE;
				CLANG_CXX_LANGUAGE_STANDARD = "gnu++0x";
				CLANG_CXX_LIBRARY = "libc++";
				CLANG_ENABLE_MODULES = YES;
				CLANG_ENABLE_OBJC_ARC = YES;
				CLANG_WARN_BOOL_CONVERSION = YES;
				CLANG_WARN_CONSTANT_CONVERSION = YES;
				CLANG_WARN_DIRECT_OBJC_ISA_USAGE = YES_ERROR;
				CLANG_WARN_DOCUMENTATION_COMMENTS = YES;
				CLANG_WARN_EMPTY_BODY = YES;
				CLANG_WARN_ENUM_CONVERSION = YES;
				CLANG_WARN_INFINITE_RECURSION = YES;
				CLANG_WARN_INT_CONVERSION = YES;
				CLANG_WARN_OBJC_ROOT_CLASS = YES_ERROR;
				CLANG_WARN_SUSPICIOUS_MOVE = YES;
				CLANG_WARN_UNREACHABLE_CODE = YES;
				CLANG_WARN__DUPLICATE_METHOD_MATCH = YES;
				CODE_SIGN_IDENTITY = "-";
				COPY_PHASE_STRIP = NO;
				DEBUG_INFORMATION_FORMAT = dwarf;
				ENABLE_STRICT_OBJC_MSGSEND = YES;
				ENABLE_TESTABILITY = YES;
				GCC_C_LANGUAGE_STANDARD = gnu99;
				GCC_DYNAMIC_NO_PIC = NO;
				GCC_NO_COMMON_BLOCKS = YES;
				GCC_OPTIMIZATION_LEVEL = 0;
				GCC_PREPROCESSOR_DEFINITIONS = (
					"DEBUG=1",
					"$(inherited)",
				);
				GCC_WARN_64_TO_32_BIT_CONVERSION = YES;
				GCC_WARN_ABOUT_RETURN_TYPE = YES_ERROR;
				GCC_WARN_UNDECLARED_SELECTOR = YES;
				GCC_WARN_UNINITIALIZED_AUTOS = YES_AGGRESSIVE;
				GCC_WARN_UNUSED_FUNCTION = YES;
				GCC_WARN_UNUSED_VARIABLE = YES;
				MACOSX_DEPLOYMENT_TARGET = 10.12;
				MTL_ENABLE_DEBUG_INFO = YES;
				ONLY_ACTIVE_ARCH = YES;
				SDKROOT = macosx;
			};
			name = Debug;
		};
		264229D51E8BEF550013B93C /* Release */ = {
			isa = XCBuildConfiguration;
			buildSettings = {
				ALWAYS_SEARCH_USER_PATHS = NO;
				CLANG_ANALYZER_NONNULL = YES;
				CLANG_ANALYZER_NUMBER_OBJECT_CONVERSION = YES_AGGRESSIVE;
				CLANG_CXX_LANGUAGE_STANDARD = "gnu++0x";
				CLANG_CXX_LIBRARY = "libc++";
				CLANG_ENABLE_MODULES = YES;
				CLANG_ENABLE_OBJC_ARC = YES;
				CLANG_WARN_BOOL_CONVERSION = YES;
				CLANG_WARN_CONSTANT_CONVERSION = YES;
				CLANG_WARN_DIRECT_OBJC_ISA_USAGE = YES_ERROR;
				CLANG_WARN_DOCUMENTATION_COMMENTS = YES;
				CLANG_WARN_EMPTY_BODY = YES;
				CLANG_WARN_ENUM_CONVERSION = YES;
				CLANG_WARN_INFINITE_RECURSION = YES;
				CLANG_WARN_INT_CONVERSION = YES;
				CLANG_WARN_OBJC_ROOT_CLASS = YES_ERROR;
				CLANG_WARN_SUSPICIOUS_MOVE = YES;
				CLANG_WARN_UNREACHABLE_CODE = YES;
				CLANG_WARN__DUPLICATE_METHOD_MATCH = YES;
				CODE_SIGN_IDENTITY = "-";
				COPY_PHASE_STRIP = NO;
				DEBUG_INFORMATION_FORMAT = "dwarf-with-dsym";
				ENABLE_NS_ASSERTIONS = NO;
				ENABLE_STRICT_OBJC_MSGSEND = YES;
				GCC_C_LANGUAGE_STANDARD = gnu99;
				GCC_NO_COMMON_BLOCKS = YES;
				GCC_WARN_64_TO_32_BIT_CONVERSION = YES;
				GCC_WARN_ABOUT_RETURN_TYPE = YES_ERROR;
				GCC_WARN_UNDECLARED_SELECTOR = YES;
				GCC_WARN_UNINITIALIZED_AUTOS = YES_AGGRESSIVE;
				GCC_WARN_UNUSED_FUNCTION = YES;
				GCC_WARN_UNUSED_VARIABLE = YES;
				MACOSX_DEPLOYMENT_TARGET = 10.12;
				MTL_ENABLE_DEBUG_INFO = NO;
				SDKROOT = macosx;
			};
			name = Release;
		};
		264229D71E8BEF550013B93C /* Debug */ = {
			isa = XCBuildConfiguration;
			buildSettings = {
				ASSETCATALOG_COMPILER_APPICON_NAME = AppIcon;
				COMBINE_HIDPI_IMAGES = YES;
				INFOPLIST_FILE = MyCustomView/Info.plist;
				LD_RUNPATH_SEARCH_PATHS = "$(inherited) @executable_path/../Frameworks";
				PRODUCT_BUNDLE_IDENTIFIER = com.ibm.jp.epro.MyCustomView;
				PRODUCT_NAME = "$(TARGET_NAME)";
			};
			name = Debug;
		};
		264229D81E8BEF550013B93C /* Release */ = {
			isa = XCBuildConfiguration;
			buildSettings = {
				ASSETCATALOG_COMPILER_APPICON_NAME = AppIcon;
				COMBINE_HIDPI_IMAGES = YES;
				INFOPLIST_FILE = MyCustomView/Info.plist;
				LD_RUNPATH_SEARCH_PATHS = "$(inherited) @executable_path/../Frameworks";
				PRODUCT_BUNDLE_IDENTIFIER = com.ibm.jp.epro.MyCustomView;
				PRODUCT_NAME = "$(TARGET_NAME)";
			};
			name = Release;
		};
/* End XCBuildConfiguration section */

/* Begin XCConfigurationList section */
		264229BD1E8BEF550013B93C /* Build configuration list for PBXProject "MyCustomView" */ = {
			isa = XCConfigurationList;
			buildConfigurations = (
				264229D41E8BEF550013B93C /* Debug */,
				264229D51E8BEF550013B93C /* Release */,
			);
			defaultConfigurationIsVisible = 0;
			defaultConfigurationName = Release;
		};
		264229D61E8BEF550013B93C /* Build configuration list for PBXNativeTarget "MyCustomView" */ = {
			isa = XCConfigurationList;
			buildConfigurations = (
				264229D71E8BEF550013B93C /* Debug */,
				264229D81E8BEF550013B93C /* Release */,
			);
			defaultConfigurationIsVisible = 0;
		};
/* End XCConfigurationList section */
	};
	rootObject = 264229BA1E8BEF550013B93C /* Project object */;
}
